PODS:
  - AFIncrementalStore (0.1.0):
    - AFNetworking (>= 0.9.0)
  - AFNetworking (1.0)
  - Nimbus/Core (0.9.3)
  - Nimbus/PagingScrollView (0.9.3):
    - Nimbus/Core
  - Nimbus/Photos (0.9.3):
    - Nimbus/Core
    - Nimbus/PagingScrollView

DEPENDENCIES:
  - AFIncrementalStore (= 0.1.0)
  - Nimbus/Photos (= 0.9.3)
