// !$*UTF8*$!
{
	archiveVersion = 1;
	classes = {
	};
	objectVersion = 46;
	objects = {

/* Begin PBXBuildFile section */
		0643DE12627747E8A8A5A5CA /* libPods.a in Frameworks */ = {isa = PBXBuildFile; fileRef = 005D67A511F84F6E8A4D2A67 /* libPods.a */; };
		4A2B00011610AE7000014BC2 /* LUGroupTableViewCell.m in Sources */ = {isa = PBXBuildFile; fileRef = 4A2B00001610AE7000014BC2 /* LUGroupTableViewCell.m */; };
		4A2B00041610BC7D00014BC2 /* LUGroupPlaceholder.png in Resources */ = {isa = PBXBuildFile; fileRef = 4A2B00021610BC7D00014BC2 /* LUGroupPlaceholder.png */; };
		4A2B00051610BC7D00014BC2 /* LUGroupPlaceholder@2x.png in Resources */ = {isa = PBXBuildFile; fileRef = 4A2B00031610BC7D00014BC2 /* LUGroupPlaceholder@2x.png */; };
		4A2B00111610CC4500014BC2 /* LUEventViewController.m in Sources */ = {isa = PBXBuildFile; fileRef = 4A2B00101610CC4500014BC2 /* LUEventViewController.m */; };
		4A2B00141610CD4C00014BC2 /* LUCoreDataTableViewController.m in Sources */ = {isa = PBXBuildFile; fileRef = 4A2B00131610CD4C00014BC2 /* LUCoreDataTableViewController.m */; };
		4AA1A1401611F76300870279 /* LUPhotoViewController.m in Sources */ = {isa = PBXBuildFile; fileRef = 4AA1A13F1611F76300870279 /* LUPhotoViewController.m */; };
		DE02C3C1160E630A00BF6AAF /* libMUOAuth2Client.a in Frameworks */ = {isa = PBXBuildFile; fileRef = DE02C3C0160E630A00BF6AAF /* libMUOAuth2Client.a */; };
		DE16EB8B1613FA20001BB805 /* LUBackgroundTexture.png in Resources */ = {isa = PBXBuildFile; fileRef = DE16EB891613FA20001BB805 /* LUBackgroundTexture.png */; };
		DE16EB8C1613FA20001BB805 /* LUBackgroundTexture@2x.png in Resources */ = {isa = PBXBuildFile; fileRef = DE16EB8A1613FA20001BB805 /* LUBackgroundTexture@2x.png */; };
		DE1A8A3C160E98110046B8FD /* LUIncrementalStore.m in Sources */ = {isa = PBXBuildFile; fileRef = DE1A8A3B160E98110046B8FD /* LUIncrementalStore.m */; };
		DE1A8A3F160E996B0046B8FD /* LUMeetupAPIClient.m in Sources */ = {isa = PBXBuildFile; fileRef = DE1A8A3E160E996B0046B8FD /* LUMeetupAPIClient.m */; };
		DE1A8A4F160EB66C0046B8FD /* Group.m in Sources */ = {isa = PBXBuildFile; fileRef = DE1A8A4E160EB66C0046B8FD /* Group.m */; };
		DE1A8A52160EB66C0046B8FD /* Photo.m in Sources */ = {isa = PBXBuildFile; fileRef = DE1A8A51160EB66C0046B8FD /* Photo.m */; };
		DE1A8A55160EB66C0046B8FD /* Event.m in Sources */ = {isa = PBXBuildFile; fileRef = DE1A8A54160EB66C0046B8FD /* Event.m */; };
		DE1A8A60160EC3420046B8FD /* Default-568h@2x.png in Resources */ = {isa = PBXBuildFile; fileRef = DE1A8A5A160EC3420046B8FD /* Default-568h@2x.png */; };
		DE1A8A61160EC3420046B8FD /* Default.png in Resources */ = {isa = PBXBuildFile; fileRef = DE1A8A5B160EC3420046B8FD /* Default.png */; };
		DE1A8A62160EC3420046B8FD /* Default@2x.png in Resources */ = {isa = PBXBuildFile; fileRef = DE1A8A5C160EC3420046B8FD /* Default@2x.png */; };
		DE1A8A63160EC3420046B8FD /* LULoginBackground-568h@2x.png in Resources */ = {isa = PBXBuildFile; fileRef = DE1A8A5D160EC3420046B8FD /* LULoginBackground-568h@2x.png */; };
		DE1A8A64160EC3420046B8FD /* LULoginBackground.png in Resources */ = {isa = PBXBuildFile; fileRef = DE1A8A5E160EC3420046B8FD /* LULoginBackground.png */; };
		DE1A8A65160EC3420046B8FD /* LULoginBackground@2x.png in Resources */ = {isa = PBXBuildFile; fileRef = DE1A8A5F160EC3420046B8FD /* LULoginBackground@2x.png */; };
		DE1A8A68160ECD200046B8FD /* LULoginButton.png in Resources */ = {isa = PBXBuildFile; fileRef = DE1A8A66160ECD200046B8FD /* LULoginButton.png */; };
		DE1A8A69160ECD200046B8FD /* LULoginButton@2x.png in Resources */ = {isa = PBXBuildFile; fileRef = DE1A8A67160ECD200046B8FD /* LULoginButton@2x.png */; };
		DE1A8A6E160ED2F60046B8FD /* LULoginButtonHighlighted.png in Resources */ = {isa = PBXBuildFile; fileRef = DE1A8A6C160ED2F60046B8FD /* LULoginButtonHighlighted.png */; };
		DE1A8A6F160ED2F60046B8FD /* LULoginButtonHighlighted@2x.png in Resources */ = {isa = PBXBuildFile; fileRef = DE1A8A6D160ED2F60046B8FD /* LULoginButtonHighlighted@2x.png */; };
		DE1A8A72160F64FE0046B8FD /* LUGroupViewController.m in Sources */ = {isa = PBXBuildFile; fileRef = DE1A8A71160F64FE0046B8FD /* LUGroupViewController.m */; };
		DE67486A16113BF90027C6E0 /* LUEventTableViewCell.m in Sources */ = {isa = PBXBuildFile; fileRef = DE67486916113BF90027C6E0 /* LUEventTableViewCell.m */; };
		DEB0968E161289AD00C04795 /* NetworkPhotoAlbumViewController.m in Sources */ = {isa = PBXBuildFile; fileRef = DEB0968D161289AC00C04795 /* NetworkPhotoAlbumViewController.m */; };
		DEECD999160E247E00DDD752 /* UIKit.framework in Frameworks */ = {isa = PBXBuildFile; fileRef = DEECD998160E247E00DDD752 /* UIKit.framework */; };
		DEECD99B160E247E00DDD752 /* Foundation.framework in Frameworks */ = {isa = PBXBuildFile; fileRef = DEECD99A160E247E00DDD752 /* Foundation.framework */; };
		DEECD99D160E247E00DDD752 /* CoreGraphics.framework in Frameworks */ = {isa = PBXBuildFile; fileRef = DEECD99C160E247E00DDD752 /* CoreGraphics.framework */; };
		DEECD9A3160E247E00DDD752 /* InfoPlist.strings in Resources */ = {isa = PBXBuildFile; fileRef = DEECD9A1160E247E00DDD752 /* InfoPlist.strings */; };
		DEECD9A5160E247E00DDD752 /* main.m in Sources */ = {isa = PBXBuildFile; fileRef = DEECD9A4160E247E00DDD752 /* main.m */; };
		DEECD9A9160E247E00DDD752 /* LUAppDelegate.m in Sources */ = {isa = PBXBuildFile; fileRef = DEECD9A8160E247E00DDD752 /* LUAppDelegate.m */; };
		DEECD9AC160E247E00DDD752 /* MainStoryboard.storyboard in Resources */ = {isa = PBXBuildFile; fileRef = DEECD9AA160E247E00DDD752 /* MainStoryboard.storyboard */; };
		DEECDA03160E445400DDD752 /* Lookup.xcdatamodeld in Sources */ = {isa = PBXBuildFile; fileRef = DEECDA01160E445400DDD752 /* Lookup.xcdatamodeld */; };
		DEECDA31160E460400DDD752 /* CoreData.framework in Frameworks */ = {isa = PBXBuildFile; fileRef = DEECDA30160E460400DDD752 /* CoreData.framework */; };
		DEF3269F160E5BF100A2AECA /* Localizable.strings in Resources */ = {isa = PBXBuildFile; fileRef = DEF3269D160E5BF100A2AECA /* Localizable.strings */; };
		DEF326A4160E5F4A00A2AECA /* LULoginViewController.m in Sources */ = {isa = PBXBuildFile; fileRef = DEF326A3160E5F4A00A2AECA /* LULoginViewController.m */; };
/* End PBXBuildFile section */

/* Begin PBXFileReference section */
		005D67A511F84F6E8A4D2A67 /* libPods.a */ = {isa = PBXFileReference; explicitFileType = archive.ar; includeInIndex = 0; path = libPods.a; sourceTree = BUILT_PRODUCTS_DIR; };
		376DB20CA1324F1CAF3CC628 /* Pods.xcconfig */ = {isa = PBXFileReference; includeInIndex = 1; lastKnownFileType = text.xcconfig; name = Pods.xcconfig; path = Pods/Pods.xcconfig; sourceTree = SOURCE_ROOT; };
		4A2B00001610AE7000014BC2 /* LUGroupTableViewCell.m */ = {isa = PBXFileReference; fileEncoding = 4; lastKnownFileType = sourcecode.c.objc; name = LUGroupTableViewCell.m; path = Views/LUGroupTableViewCell.m; sourceTree = SOURCE_ROOT; };
		4A2B00021610BC7D00014BC2 /* LUGroupPlaceholder.png */ = {isa = PBXFileReference; lastKnownFileType = image.png; path = LUGroupPlaceholder.png; sourceTree = "<group>"; };
		4A2B00031610BC7D00014BC2 /* LUGroupPlaceholder@2x.png */ = {isa = PBXFileReference; lastKnownFileType = image.png; path = "LUGroupPlaceholder@2x.png"; sourceTree = "<group>"; };
		4A2B000F1610CC4500014BC2 /* LUEventViewController.h */ = {isa = PBXFileReference; fileEncoding = 4; lastKnownFileType = sourcecode.c.h; name = LUEventViewController.h; path = Controllers/LUEventViewController.h; sourceTree = SOURCE_ROOT; };
		4A2B00101610CC4500014BC2 /* LUEventViewController.m */ = {isa = PBXFileReference; fileEncoding = 4; lastKnownFileType = sourcecode.c.objc; name = LUEventViewController.m; path = Controllers/LUEventViewController.m; sourceTree = SOURCE_ROOT; };
		4A2B00121610CD4C00014BC2 /* LUCoreDataTableViewController.h */ = {isa = PBXFileReference; fileEncoding = 4; lastKnownFileType = sourcecode.c.h; name = LUCoreDataTableViewController.h; path = Controllers/LUCoreDataTableViewController.h; sourceTree = SOURCE_ROOT; };
		4A2B00131610CD4C00014BC2 /* LUCoreDataTableViewController.m */ = {isa = PBXFileReference; fileEncoding = 4; lastKnownFileType = sourcecode.c.objc; name = LUCoreDataTableViewController.m; path = Controllers/LUCoreDataTableViewController.m; sourceTree = SOURCE_ROOT; };
		4A2BFFFF1610AE7000014BC2 /* LUGroupTableViewCell.h */ = {isa = PBXFileReference; fileEncoding = 4; lastKnownFileType = sourcecode.c.h; name = LUGroupTableViewCell.h; path = Views/LUGroupTableViewCell.h; sourceTree = SOURCE_ROOT; };
		4AA1A13E1611F76300870279 /* LUPhotoViewController.h */ = {isa = PBXFileReference; fileEncoding = 4; lastKnownFileType = sourcecode.c.h; name = LUPhotoViewController.h; path = Controllers/LUPhotoViewController.h; sourceTree = SOURCE_ROOT; };
		4AA1A13F1611F76300870279 /* LUPhotoViewController.m */ = {isa = PBXFileReference; fileEncoding = 4; lastKnownFileType = sourcecode.c.objc; name = LUPhotoViewController.m; path = Controllers/LUPhotoViewController.m; sourceTree = SOURCE_ROOT; };
		DE02C3C0160E630A00BF6AAF /* libMUOAuth2Client.a */ = {isa = PBXFileReference; lastKnownFileType = archive.ar; name = libMUOAuth2Client.a; path = "Vendor/MUOAuth2Client/build/Release-iphoneos/libMUOAuth2Client.a"; sourceTree = "<group>"; };
		DE16EB891613FA20001BB805 /* LUBackgroundTexture.png */ = {isa = PBXFileReference; lastKnownFileType = image.png; path = LUBackgroundTexture.png; sourceTree = "<group>"; };
		DE16EB8A1613FA20001BB805 /* LUBackgroundTexture@2x.png */ = {isa = PBXFileReference; lastKnownFileType = image.png; path = "LUBackgroundTexture@2x.png"; sourceTree = "<group>"; };
		DE1A8A3A160E98110046B8FD /* LUIncrementalStore.h */ = {isa = PBXFileReference; fileEncoding = 4; lastKnownFileType = sourcecode.c.h; name = LUIncrementalStore.h; path = Model/LUIncrementalStore.h; sourceTree = "<group>"; };
		DE1A8A3B160E98110046B8FD /* LUIncrementalStore.m */ = {isa = PBXFileReference; fileEncoding = 4; lastKnownFileType = sourcecode.c.objc; name = LUIncrementalStore.m; path = Model/LUIncrementalStore.m; sourceTree = "<group>"; };
		DE1A8A3D160E996B0046B8FD /* LUMeetupAPIClient.h */ = {isa = PBXFileReference; fileEncoding = 4; lastKnownFileType = sourcecode.c.h; name = LUMeetupAPIClient.h; path = Model/LUMeetupAPIClient.h; sourceTree = "<group>"; };
		DE1A8A3E160E996B0046B8FD /* LUMeetupAPIClient.m */ = {isa = PBXFileReference; fileEncoding = 4; lastKnownFileType = sourcecode.c.objc; name = LUMeetupAPIClient.m; path = Model/LUMeetupAPIClient.m; sourceTree = "<group>"; };
		DE1A8A4D160EB66C0046B8FD /* Group.h */ = {isa = PBXFileReference; fileEncoding = 4; lastKnownFileType = sourcecode.c.h; name = Group.h; path = Model/Group.h; sourceTree = "<group>"; };
		DE1A8A4E160EB66C0046B8FD /* Group.m */ = {isa = PBXFileReference; fileEncoding = 4; lastKnownFileType = sourcecode.c.objc; name = Group.m; path = Model/Group.m; sourceTree = "<group>"; };
		DE1A8A50160EB66C0046B8FD /* Photo.h */ = {isa = PBXFileReference; fileEncoding = 4; lastKnownFileType = sourcecode.c.h; name = Photo.h; path = Model/Photo.h; sourceTree = "<group>"; };
		DE1A8A51160EB66C0046B8FD /* Photo.m */ = {isa = PBXFileReference; fileEncoding = 4; lastKnownFileType = sourcecode.c.objc; name = Photo.m; path = Model/Photo.m; sourceTree = "<group>"; };
		DE1A8A53160EB66C0046B8FD /* Event.h */ = {isa = PBXFileReference; fileEncoding = 4; lastKnownFileType = sourcecode.c.h; name = Event.h; path = Model/Event.h; sourceTree = "<group>"; };
		DE1A8A54160EB66C0046B8FD /* Event.m */ = {isa = PBXFileReference; fileEncoding = 4; lastKnownFileType = sourcecode.c.objc; name = Event.m; path = Model/Event.m; sourceTree = "<group>"; };
		DE1A8A5A160EC3420046B8FD /* Default-568h@2x.png */ = {isa = PBXFileReference; lastKnownFileType = image.png; path = "Default-568h@2x.png"; sourceTree = "<group>"; };
		DE1A8A5B160EC3420046B8FD /* Default.png */ = {isa = PBXFileReference; lastKnownFileType = image.png; path = Default.png; sourceTree = "<group>"; };
		DE1A8A5C160EC3420046B8FD /* Default@2x.png */ = {isa = PBXFileReference; lastKnownFileType = image.png; path = "Default@2x.png"; sourceTree = "<group>"; };
		DE1A8A5D160EC3420046B8FD /* LULoginBackground-568h@2x.png */ = {isa = PBXFileReference; lastKnownFileType = image.png; path = "LULoginBackground-568h@2x.png"; sourceTree = "<group>"; };
		DE1A8A5E160EC3420046B8FD /* LULoginBackground.png */ = {isa = PBXFileReference; lastKnownFileType = image.png; path = LULoginBackground.png; sourceTree = "<group>"; };
		DE1A8A5F160EC3420046B8FD /* LULoginBackground@2x.png */ = {isa = PBXFileReference; lastKnownFileType = image.png; path = "LULoginBackground@2x.png"; sourceTree = "<group>"; };
		DE1A8A66160ECD200046B8FD /* LULoginButton.png */ = {isa = PBXFileReference; lastKnownFileType = image.png; path = LULoginButton.png; sourceTree = "<group>"; };
		DE1A8A67160ECD200046B8FD /* LULoginButton@2x.png */ = {isa = PBXFileReference; lastKnownFileType = image.png; path = "LULoginButton@2x.png"; sourceTree = "<group>"; };
		DE1A8A6C160ED2F60046B8FD /* LULoginButtonHighlighted.png */ = {isa = PBXFileReference; lastKnownFileType = image.png; path = LULoginButtonHighlighted.png; sourceTree = "<group>"; };
		DE1A8A6D160ED2F60046B8FD /* LULoginButtonHighlighted@2x.png */ = {isa = PBXFileReference; lastKnownFileType = image.png; path = "LULoginButtonHighlighted@2x.png"; sourceTree = "<group>"; };
		DE1A8A70160F64FE0046B8FD /* LUGroupViewController.h */ = {isa = PBXFileReference; fileEncoding = 4; lastKnownFileType = sourcecode.c.h; path = LUGroupViewController.h; sourceTree = "<group>"; };
		DE1A8A71160F64FE0046B8FD /* LUGroupViewController.m */ = {isa = PBXFileReference; fileEncoding = 4; lastKnownFileType = sourcecode.c.objc; path = LUGroupViewController.m; sourceTree = "<group>"; };
		DE67486816113BF90027C6E0 /* LUEventTableViewCell.h */ = {isa = PBXFileReference; fileEncoding = 4; lastKnownFileType = sourcecode.c.h; name = LUEventTableViewCell.h; path = Views/LUEventTableViewCell.h; sourceTree = SOURCE_ROOT; };
		DE67486916113BF90027C6E0 /* LUEventTableViewCell.m */ = {isa = PBXFileReference; fileEncoding = 4; lastKnownFileType = sourcecode.c.objc; name = LUEventTableViewCell.m; path = Views/LUEventTableViewCell.m; sourceTree = SOURCE_ROOT; };
		DEB0968C161289AC00C04795 /* NetworkPhotoAlbumViewController.h */ = {isa = PBXFileReference; fileEncoding = 4; lastKnownFileType = sourcecode.c.h; path = NetworkPhotoAlbumViewController.h; sourceTree = "<group>"; };
		DEB0968D161289AC00C04795 /* NetworkPhotoAlbumViewController.m */ = {isa = PBXFileReference; fileEncoding = 4; lastKnownFileType = sourcecode.c.objc; path = NetworkPhotoAlbumViewController.m; sourceTree = "<group>"; };
		DEECD994160E247E00DDD752 /* Lookup.app */ = {isa = PBXFileReference; explicitFileType = wrapper.application; includeInIndex = 0; path = Lookup.app; sourceTree = BUILT_PRODUCTS_DIR; };
		DEECD998160E247E00DDD752 /* UIKit.framework */ = {isa = PBXFileReference; includeInIndex = 1; lastKnownFileType = wrapper.framework; name = UIKit.framework; path = System/Library/Frameworks/UIKit.framework; sourceTree = SDKROOT; };
		DEECD99A160E247E00DDD752 /* Foundation.framework */ = {isa = PBXFileReference; includeInIndex = 1; lastKnownFileType = wrapper.framework; name = Foundation.framework; path = System/Library/Frameworks/Foundation.framework; sourceTree = SDKROOT; };
		DEECD99C160E247E00DDD752 /* CoreGraphics.framework */ = {isa = PBXFileReference; includeInIndex = 1; lastKnownFileType = wrapper.framework; name = CoreGraphics.framework; path = System/Library/Frameworks/CoreGraphics.framework; sourceTree = SDKROOT; };
		DEECD9A0160E247E00DDD752 /* Lookup-Info.plist */ = {isa = PBXFileReference; lastKnownFileType = text.plist.xml; path = "Lookup-Info.plist"; sourceTree = "<group>"; };
		DEECD9A2160E247E00DDD752 /* en */ = {isa = PBXFileReference; lastKnownFileType = text.plist.strings; name = en; path = en.lproj/InfoPlist.strings; sourceTree = "<group>"; };
		DEECD9A4160E247E00DDD752 /* main.m */ = {isa = PBXFileReference; lastKnownFileType = sourcecode.c.objc; path = main.m; sourceTree = "<group>"; };
		DEECD9A6160E247E00DDD752 /* Lookup-Prefix.pch */ = {isa = PBXFileReference; lastKnownFileType = sourcecode.c.h; path = "Lookup-Prefix.pch"; sourceTree = "<group>"; };
		DEECD9A7160E247E00DDD752 /* LUAppDelegate.h */ = {isa = PBXFileReference; lastKnownFileType = sourcecode.c.h; path = LUAppDelegate.h; sourceTree = "<group>"; };
		DEECD9A8160E247E00DDD752 /* LUAppDelegate.m */ = {isa = PBXFileReference; lastKnownFileType = sourcecode.c.objc; path = LUAppDelegate.m; sourceTree = "<group>"; };
		DEECD9AB160E247E00DDD752 /* en */ = {isa = PBXFileReference; lastKnownFileType = file.storyboard; name = en; path = en.lproj/MainStoryboard.storyboard; sourceTree = "<group>"; };
		DEECDA02160E445400DDD752 /* Lookup.xcdatamodel */ = {isa = PBXFileReference; lastKnownFileType = wrapper.xcdatamodel; path = Lookup.xcdatamodel; sourceTree = "<group>"; };
		DEECDA30160E460400DDD752 /* CoreData.framework */ = {isa = PBXFileReference; lastKnownFileType = wrapper.framework; name = CoreData.framework; path = System/Library/Frameworks/CoreData.framework; sourceTree = SDKROOT; };
		DEF3269E160E5BF100A2AECA /* en */ = {isa = PBXFileReference; lastKnownFileType = text.plist.strings; name = en; path = en.lproj/Localizable.strings; sourceTree = "<group>"; };
		DEF326A2160E5F4A00A2AECA /* LULoginViewController.h */ = {isa = PBXFileReference; fileEncoding = 4; lastKnownFileType = sourcecode.c.h; name = LULoginViewController.h; path = Controllers/LULoginViewController.h; sourceTree = SOURCE_ROOT; };
		DEF326A3160E5F4A00A2AECA /* LULoginViewController.m */ = {isa = PBXFileReference; fileEncoding = 4; lastKnownFileType = sourcecode.c.objc; name = LULoginViewController.m; path = Controllers/LULoginViewController.m; sourceTree = SOURCE_ROOT; };
/* End PBXFileReference section */

/* Begin PBXFrameworksBuildPhase section */
		DEECD991160E247E00DDD752 /* Frameworks */ = {
			isa = PBXFrameworksBuildPhase;
			buildActionMask = 2147483647;
			files = (
				DE02C3C1160E630A00BF6AAF /* libMUOAuth2Client.a in Frameworks */,
				DEECDA31160E460400DDD752 /* CoreData.framework in Frameworks */,
				DEECD999160E247E00DDD752 /* UIKit.framework in Frameworks */,
				DEECD99B160E247E00DDD752 /* Foundation.framework in Frameworks */,
				DEECD99D160E247E00DDD752 /* CoreGraphics.framework in Frameworks */,
				0643DE12627747E8A8A5A5CA /* libPods.a in Frameworks */,
			);
			runOnlyForDeploymentPostprocessing = 0;
		};
/* End PBXFrameworksBuildPhase section */

/* Begin PBXGroup section */
		4A2B00151610CD5000014BC2 /* Abstract */ = {
			isa = PBXGroup;
			children = (
				4A2B00121610CD4C00014BC2 /* LUCoreDataTableViewController.h */,
				4A2B00131610CD4C00014BC2 /* LUCoreDataTableViewController.m */,
			);
			name = Abstract;
			sourceTree = "<group>";
		};
		4A2BFFFE1610AE3000014BC2 /* Views */ = {
			isa = PBXGroup;
			children = (
				4A2BFFFF1610AE7000014BC2 /* LUGroupTableViewCell.h */,
				4A2B00001610AE7000014BC2 /* LUGroupTableViewCell.m */,
				DE67486816113BF90027C6E0 /* LUEventTableViewCell.h */,
				DE67486916113BF90027C6E0 /* LUEventTableViewCell.m */,
			);
			name = Views;
			sourceTree = "<group>";
		};
		DE1A8A56160EB6790046B8FD /* Entities */ = {
			isa = PBXGroup;
			children = (
				DE1A8A53160EB66C0046B8FD /* Event.h */,
				DE1A8A54160EB66C0046B8FD /* Event.m */,
				DE1A8A50160EB66C0046B8FD /* Photo.h */,
				DE1A8A51160EB66C0046B8FD /* Photo.m */,
				DE1A8A4D160EB66C0046B8FD /* Group.h */,
				DE1A8A4E160EB66C0046B8FD /* Group.m */,
			);
			name = Entities;
			sourceTree = "<group>";
		};
		DE1A8A59160EC3420046B8FD /* Resources */ = {
			isa = PBXGroup;
			children = (
				DE16EB891613FA20001BB805 /* LUBackgroundTexture.png */,
				DE16EB8A1613FA20001BB805 /* LUBackgroundTexture@2x.png */,
				4A2B00021610BC7D00014BC2 /* LUGroupPlaceholder.png */,
				4A2B00031610BC7D00014BC2 /* LUGroupPlaceholder@2x.png */,
				DE1A8A6C160ED2F60046B8FD /* LULoginButtonHighlighted.png */,
				DE1A8A6D160ED2F60046B8FD /* LULoginButtonHighlighted@2x.png */,
				DE1A8A66160ECD200046B8FD /* LULoginButton.png */,
				DE1A8A67160ECD200046B8FD /* LULoginButton@2x.png */,
				DE1A8A5A160EC3420046B8FD /* Default-568h@2x.png */,
				DE1A8A5B160EC3420046B8FD /* Default.png */,
				DE1A8A5C160EC3420046B8FD /* Default@2x.png */,
				DE1A8A5D160EC3420046B8FD /* LULoginBackground-568h@2x.png */,
				DE1A8A5E160EC3420046B8FD /* LULoginBackground.png */,
				DE1A8A5F160EC3420046B8FD /* LULoginBackground@2x.png */,
			);
			path = Resources;
			sourceTree = "<group>";
		};
		DEECD989160E247E00DDD752 = {
			isa = PBXGroup;
			children = (
				DE1A8A59160EC3420046B8FD /* Resources */,
				DEECD99E160E247E00DDD752 /* Lookup */,
				DEECD997160E247E00DDD752 /* Frameworks */,
				DEECD995160E247E00DDD752 /* Products */,
				376DB20CA1324F1CAF3CC628 /* Pods.xcconfig */,
			);
			sourceTree = "<group>";
		};
		DEECD995160E247E00DDD752 /* Products */ = {
			isa = PBXGroup;
			children = (
				DEECD994160E247E00DDD752 /* Lookup.app */,
			);
			name = Products;
			sourceTree = "<group>";
		};
		DEECD997160E247E00DDD752 /* Frameworks */ = {
			isa = PBXGroup;
			children = (
				DE02C3C0160E630A00BF6AAF /* libMUOAuth2Client.a */,
				DEECDA30160E460400DDD752 /* CoreData.framework */,
				DEECD998160E247E00DDD752 /* UIKit.framework */,
				DEECD99A160E247E00DDD752 /* Foundation.framework */,
				DEECD99C160E247E00DDD752 /* CoreGraphics.framework */,
				005D67A511F84F6E8A4D2A67 /* libPods.a */,
			);
			name = Frameworks;
			sourceTree = "<group>";
		};
		DEECD99E160E247E00DDD752 /* Lookup */ = {
			isa = PBXGroup;
			children = (
				DEECDA04160E445900DDD752 /* Model */,
				DEF326A1160E5F1300A2AECA /* Controllers */,
				4A2BFFFE1610AE3000014BC2 /* Views */,
				DEECD9A7160E247E00DDD752 /* LUAppDelegate.h */,
				DEECD9A8160E247E00DDD752 /* LUAppDelegate.m */,
				DEECD9AA160E247E00DDD752 /* MainStoryboard.storyboard */,
				DEECD99F160E247E00DDD752 /* Supporting Files */,
			);
			path = Lookup;
			sourceTree = "<group>";
		};
		DEECD99F160E247E00DDD752 /* Supporting Files */ = {
			isa = PBXGroup;
			children = (
				DEF3269D160E5BF100A2AECA /* Localizable.strings */,
				DEECD9A0160E247E00DDD752 /* Lookup-Info.plist */,
				DEECD9A1160E247E00DDD752 /* InfoPlist.strings */,
				DEECD9A4160E247E00DDD752 /* main.m */,
				DEECD9A6160E247E00DDD752 /* Lookup-Prefix.pch */,
			);
			name = "Supporting Files";
			sourceTree = "<group>";
		};
		DEECDA04160E445900DDD752 /* Model */ = {
			isa = PBXGroup;
			children = (
				DE1A8A56160EB6790046B8FD /* Entities */,
				DE1A8A3D160E996B0046B8FD /* LUMeetupAPIClient.h */,
				DE1A8A3E160E996B0046B8FD /* LUMeetupAPIClient.m */,
				DE1A8A3A160E98110046B8FD /* LUIncrementalStore.h */,
				DE1A8A3B160E98110046B8FD /* LUIncrementalStore.m */,
				DEECDA01160E445400DDD752 /* Lookup.xcdatamodeld */,
			);
			name = Model;
			path = ..;
			sourceTree = "<group>";
		};
		DEF326A1160E5F1300A2AECA /* Controllers */ = {
			isa = PBXGroup;
			children = (
				4A2B00151610CD5000014BC2 /* Abstract */,
				DEF326A2160E5F4A00A2AECA /* LULoginViewController.h */,
				DEF326A3160E5F4A00A2AECA /* LULoginViewController.m */,
				DE1A8A70160F64FE0046B8FD /* LUGroupViewController.h */,
				DE1A8A71160F64FE0046B8FD /* LUGroupViewController.m */,
				4A2B000F1610CC4500014BC2 /* LUEventViewController.h */,
				4A2B00101610CC4500014BC2 /* LUEventViewController.m */,
				4AA1A13E1611F76300870279 /* LUPhotoViewController.h */,
				4AA1A13F1611F76300870279 /* LUPhotoViewController.m */,
				DEB0968C161289AC00C04795 /* NetworkPhotoAlbumViewController.h */,
				DEB0968D161289AC00C04795 /* NetworkPhotoAlbumViewController.m */,
			);
			name = Controllers;
			sourceTree = "<group>";
		};
/* End PBXGroup section */

/* Begin PBXNativeTarget section */
		DEECD993160E247E00DDD752 /* Lookup */ = {
			isa = PBXNativeTarget;
			buildConfigurationList = DEECD9B2160E247E00DDD752 /* Build configuration list for PBXNativeTarget "Lookup" */;
			buildPhases = (
				DEECD990160E247E00DDD752 /* Sources */,
				DEECD991160E247E00DDD752 /* Frameworks */,
				DEECD992160E247E00DDD752 /* Resources */,
				7E32671BDF864A499FD5D81D /* Copy Pods Resources */,
				DEECD9FB160E417800DDD752 /* Show TODOs */,
			);
			buildRules = (
			);
			dependencies = (
			);
			name = Lookup;
			productName = Lookup;
			productReference = DEECD994160E247E00DDD752 /* Lookup.app */;
			productType = "com.apple.product-type.application";
		};
/* End PBXNativeTarget section */

/* Begin PBXProject section */
		DEECD98B160E247E00DDD752 /* Project object */ = {
			isa = PBXProject;
			attributes = {
				CLASSPREFIX = LU;
				LastUpgradeCheck = 0440;
				ORGANIZATIONNAME = "Wesley Smith";
			};
			buildConfigurationList = DEECD98E160E247E00DDD752 /* Build configuration list for PBXProject "Lookup" */;
			compatibilityVersion = "Xcode 3.2";
			developmentRegion = English;
			hasScannedForEncodings = 0;
			knownRegions = (
				en,
			);
			mainGroup = DEECD989160E247E00DDD752;
			productRefGroup = DEECD995160E247E00DDD752 /* Products */;
			projectDirPath = "";
			projectRoot = "";
			targets = (
				DEECD993160E247E00DDD752 /* Lookup */,
			);
		};
/* End PBXProject section */

/* Begin PBXResourcesBuildPhase section */
		DEECD992160E247E00DDD752 /* Resources */ = {
			isa = PBXResourcesBuildPhase;
			buildActionMask = 2147483647;
			files = (
				DEECD9A3160E247E00DDD752 /* InfoPlist.strings in Resources */,
				DEECD9AC160E247E00DDD752 /* MainStoryboard.storyboard in Resources */,
				DEF3269F160E5BF100A2AECA /* Localizable.strings in Resources */,
				DE1A8A60160EC3420046B8FD /* Default-568h@2x.png in Resources */,
				DE1A8A61160EC3420046B8FD /* Default.png in Resources */,
				DE1A8A62160EC3420046B8FD /* Default@2x.png in Resources */,
				DE1A8A63160EC3420046B8FD /* LULoginBackground-568h@2x.png in Resources */,
				DE1A8A64160EC3420046B8FD /* LULoginBackground.png in Resources */,
				DE1A8A65160EC3420046B8FD /* LULoginBackground@2x.png in Resources */,
				DE1A8A68160ECD200046B8FD /* LULoginButton.png in Resources */,
				DE1A8A69160ECD200046B8FD /* LULoginButton@2x.png in Resources */,
				DE1A8A6E160ED2F60046B8FD /* LULoginButtonHighlighted.png in Resources */,
				DE1A8A6F160ED2F60046B8FD /* LULoginButtonHighlighted@2x.png in Resources */,
				4A2B00041610BC7D00014BC2 /* LUGroupPlaceholder.png in Resources */,
				4A2B00051610BC7D00014BC2 /* LUGroupPlaceholder@2x.png in Resources */,
				DE16EB8B1613FA20001BB805 /* LUBackgroundTexture.png in Resources */,
				DE16EB8C1613FA20001BB805 /* LUBackgroundTexture@2x.png in Resources */,
			);
			runOnlyForDeploymentPostprocessing = 0;
		};
/* End PBXResourcesBuildPhase section */

/* Begin PBXShellScriptBuildPhase section */
		7E32671BDF864A499FD5D81D /* Copy Pods Resources */ = {
			isa = PBXShellScriptBuildPhase;
			buildActionMask = 2147483647;
			files = (
			);
			inputPaths = (
			);
			name = "Copy Pods Resources";
			outputPaths = (
			);
			runOnlyForDeploymentPostprocessing = 0;
			shellPath = /bin/sh;
			shellScript = "\"${SRCROOT}/Pods/Pods-resources.sh\"\n";
		};
		DEECD9FB160E417800DDD752 /* Show TODOs */ = {
			isa = PBXShellScriptBuildPhase;
			buildActionMask = 2147483647;
			files = (
			);
			inputPaths = (
			);
			name = "Show TODOs";
			outputPaths = (
			);
			runOnlyForDeploymentPostprocessing = 0;
			shellPath = /bin/sh;
			shellScript = "KEYWORDS=\"TODO:|FIXME:|\\?\\?\\?:|\\!\\!\\!:\"\nfind \"${SRCROOT}\" \\( -name \"*.h\" -or -name \"*.m\" \\) -print0 | xargs -0 egrep --with-filename --line-number --only-matching \"($KEYWORDS).*\\$\" | perl -p -e \"s/($KEYWORDS)/ warning: \\$1/\"";
		};
/* End PBXShellScriptBuildPhase section */

/* Begin PBXSourcesBuildPhase section */
		DEECD990160E247E00DDD752 /* Sources */ = {
			isa = PBXSourcesBuildPhase;
			buildActionMask = 2147483647;
			files = (
				DEECD9A5160E247E00DDD752 /* main.m in Sources */,
				DEECD9A9160E247E00DDD752 /* LUAppDelegate.m in Sources */,
				DEECDA03160E445400DDD752 /* Lookup.xcdatamodeld in Sources */,
				DEF326A4160E5F4A00A2AECA /* LULoginViewController.m in Sources */,
				DE1A8A3C160E98110046B8FD /* LUIncrementalStore.m in Sources */,
				DE1A8A3F160E996B0046B8FD /* LUMeetupAPIClient.m in Sources */,
				DE1A8A4F160EB66C0046B8FD /* Group.m in Sources */,
				DE1A8A52160EB66C0046B8FD /* Photo.m in Sources */,
				DE1A8A55160EB66C0046B8FD /* Event.m in Sources */,
				DE1A8A72160F64FE0046B8FD /* LUGroupViewController.m in Sources */,
				4A2B00011610AE7000014BC2 /* LUGroupTableViewCell.m in Sources */,
				4A2B00111610CC4500014BC2 /* LUEventViewController.m in Sources */,
				4A2B00141610CD4C00014BC2 /* LUCoreDataTableViewController.m in Sources */,
				DE67486A16113BF90027C6E0 /* LUEventTableViewCell.m in Sources */,
				4AA1A1401611F76300870279 /* LUPhotoViewController.m in Sources */,
				DEB0968E161289AD00C04795 /* NetworkPhotoAlbumViewController.m in Sources */,
			);
			runOnlyForDeploymentPostprocessing = 0;
		};
/* End PBXSourcesBuildPhase section */

/* Begin PBXVariantGroup section */
		DEECD9A1160E247E00DDD752 /* InfoPlist.strings */ = {
			isa = PBXVariantGroup;
			children = (
				DEECD9A2160E247E00DDD752 /* en */,
			);
			name = InfoPlist.strings;
			sourceTree = "<group>";
		};
		DEECD9AA160E247E00DDD752 /* MainStoryboard.storyboard */ = {
			isa = PBXVariantGroup;
			children = (
				DEECD9AB160E247E00DDD752 /* en */,
			);
			name = MainStoryboard.storyboard;
			sourceTree = "<group>";
		};
		DEF3269D160E5BF100A2AECA /* Localizable.strings */ = {
			isa = PBXVariantGroup;
			children = (
				DEF3269E160E5BF100A2AECA /* en */,
			);
			name = Localizable.strings;
			sourceTree = "<group>";
		};
/* End PBXVariantGroup section */

/* Begin XCBuildConfiguration section */
		DEECD9B0160E247E00DDD752 /* Debug */ = {
			isa = XCBuildConfiguration;
			buildSettings = {
				ALWAYS_SEARCH_USER_PATHS = NO;
				ARCHS = "$(ARCHS_STANDARD_32_BIT)";
				CLANG_CXX_LANGUAGE_STANDARD = "gnu++0x";
				CLANG_ENABLE_OBJC_ARC = YES;
				CLANG_WARN__DUPLICATE_METHOD_MATCH = YES;
				"CODE_SIGN_IDENTITY[sdk=iphoneos*]" = "iPhone Developer";
				COPY_PHASE_STRIP = NO;
				GCC_C_LANGUAGE_STANDARD = gnu99;
				GCC_DYNAMIC_NO_PIC = NO;
				GCC_OPTIMIZATION_LEVEL = 0;
				GCC_PREPROCESSOR_DEFINITIONS = (
					"DEBUG=1",
					"$(inherited)",
				);
				GCC_SYMBOLS_PRIVATE_EXTERN = NO;
				GCC_VERSION = com.apple.compilers.llvm.clang.1_0;
				GCC_WARN_ABOUT_RETURN_TYPE = YES;
				GCC_WARN_UNINITIALIZED_AUTOS = YES;
				GCC_WARN_UNUSED_VARIABLE = YES;
				IPHONEOS_DEPLOYMENT_TARGET = 5.1;
				SDKROOT = iphoneos;
			};
			name = Debug;
		};
		DEECD9B1160E247E00DDD752 /* Release */ = {
			isa = XCBuildConfiguration;
			buildSettings = {
				ALWAYS_SEARCH_USER_PATHS = NO;
				ARCHS = "$(ARCHS_STANDARD_32_BIT)";
				CLANG_CXX_LANGUAGE_STANDARD = "gnu++0x";
				CLANG_ENABLE_OBJC_ARC = YES;
				CLANG_WARN__DUPLICATE_METHOD_MATCH = YES;
				"CODE_SIGN_IDENTITY[sdk=iphoneos*]" = "iPhone Developer";
				COPY_PHASE_STRIP = YES;
				GCC_C_LANGUAGE_STANDARD = gnu99;
				GCC_VERSION = com.apple.compilers.llvm.clang.1_0;
				GCC_WARN_ABOUT_RETURN_TYPE = YES;
				GCC_WARN_UNINITIALIZED_AUTOS = YES;
				GCC_WARN_UNUSED_VARIABLE = YES;
				IPHONEOS_DEPLOYMENT_TARGET = 5.1;
				OTHER_CFLAGS = "-DNS_BLOCK_ASSERTIONS=1";
				SDKROOT = iphoneos;
				VALIDATE_PRODUCT = YES;
			};
			name = Release;
		};
		DEECD9B3160E247E00DDD752 /* Debug */ = {
			isa = XCBuildConfiguration;
			baseConfigurationReference = 376DB20CA1324F1CAF3CC628 /* Pods.xcconfig */;
			buildSettings = {
				GCC_PRECOMPILE_PREFIX_HEADER = YES;
				GCC_PREFIX_HEADER = "Lookup/Lookup-Prefix.pch";
				INFOPLIST_FILE = "Lookup/Lookup-Info.plist";
				PRODUCT_NAME = "$(TARGET_NAME)";
				USER_HEADER_SEARCH_PATHS = "$(BUILT_PRODUCTS_DIR)/**";
				WRAPPER_EXTENSION = app;
			};
			name = Debug;
		};
		DEECD9B4160E247E00DDD752 /* Release */ = {
			isa = XCBuildConfiguration;
			baseConfigurationReference = 376DB20CA1324F1CAF3CC628 /* Pods.xcconfig */;
			buildSettings = {
				GCC_PRECOMPILE_PREFIX_HEADER = YES;
				GCC_PREFIX_HEADER = "Lookup/Lookup-Prefix.pch";
				INFOPLIST_FILE = "Lookup/Lookup-Info.plist";
				PRODUCT_NAME = "$(TARGET_NAME)";
				USER_HEADER_SEARCH_PATHS = "$(BUILT_PRODUCTS_DIR)/**";
				WRAPPER_EXTENSION = app;
			};
			name = Release;
		};
/* End XCBuildConfiguration section */

/* Begin XCConfigurationList section */
		DEECD98E160E247E00DDD752 /* Build configuration list for PBXProject "Lookup" */ = {
			isa = XCConfigurationList;
			buildConfigurations = (
				DEECD9B0160E247E00DDD752 /* Debug */,
				DEECD9B1160E247E00DDD752 /* Release */,
			);
			defaultConfigurationIsVisible = 0;
			defaultConfigurationName = Release;
		};
		DEECD9B2160E247E00DDD752 /* Build configuration list for PBXNativeTarget "Lookup" */ = {
			isa = XCConfigurationList;
			buildConfigurations = (
				DEECD9B3160E247E00DDD752 /* Debug */,
				DEECD9B4160E247E00DDD752 /* Release */,
			);
			defaultConfigurationIsVisible = 0;
			defaultConfigurationName = Release;
		};
/* End XCConfigurationList section */

/* Begin XCVersionGroup section */
		DEECDA01160E445400DDD752 /* Lookup.xcdatamodeld */ = {
			isa = XCVersionGroup;
			children = (
				DEECDA02160E445400DDD752 /* Lookup.xcdatamodel */,
			);
			currentVersion = DEECDA02160E445400DDD752 /* Lookup.xcdatamodel */;
			name = Lookup.xcdatamodeld;
			path = Model/Lookup.xcdatamodeld;
			sourceTree = "<group>";
			versionGroupType = wrapper.xcdatamodel;
		};
/* End XCVersionGroup section */
	};
	rootObject = DEECD98B160E247E00DDD752 /* Project object */;
}
